Microsoft Visual Studio Solution File, Format Version 12.00
# Visual Studio Version 17
VisualStudioVersion = 17.5.2.0
MinimumVisualStudioVersion = 10.0.40219.1
Project("{FAE04EC0-301F-11D3-BF4B-00C04F79EFBC}") = "DoctorAppointmentAPI", "DoctorAppointmentAPI.csproj", "{E88ECAEC-2B38-BADB-542B-6C350EFC8A2F}"
EndProject
Global
	GlobalSection(SolutionConfigurationPlatforms) = preSolution
		Debug|Any CPU = Debug|Any CPU
		Release|Any CPU = Release|Any CPU
	EndGlobalSection
	GlobalSection(ProjectConfigurationPlatforms) = postSolution
		{E88ECAEC-2B38-BADB-542B-6C350EFC8A2F}.Debug|Any CPU.ActiveCfg = Debug|Any CPU
		{E88ECAEC-2B38-BADB-542B-6C350EFC8A2F}.Debug|Any CPU.Build.0 = Debug|Any CPU
		{E88ECAEC-2B38-BADB-542B-6C350EFC8A2F}.Release|Any CPU.ActiveCfg = Release|Any CPU
		{E88ECAEC-2B38-BADB-542B-6C350EFC8A2F}.Release|Any CPU.Build.0 = Release|Any CPU
	EndGlobalSection
	GlobalSection(SolutionProperties) = preSolution
		HideSolutionNode = FALSE
	EndGlobalSection
	GlobalSection(ExtensibilityGlobals) = postSolution
		SolutionGuid = {F0B8AE96-D91A-41DC-8E43-06109839DFB2}
	EndGlobalSection
EndGlobal
